// !$*UTF8*$!
{
	archiveVersion = 1;
	classes = {
	};
	objectVersion = 48;
	objects = {

/* Begin PBXBuildFile section */
		822BE6AB2017405C00BFBA69 /* httpd.cpp in Sources */ = {isa = PBXBuildFile; fileRef = 822BE6A42017404A00BFBA69 /* httpd.cpp */; };
		822BE6AC2017405F00BFBA69 /* mysqld.cpp in Sources */ = {isa = PBXBuildFile; fileRef = 822BE6A62017404A00BFBA69 /* mysqld.cpp */; };
		822BE6AD2017406300BFBA69 /* str.cpp in Sources */ = {isa = PBXBuildFile; fileRef = 822BE6A92017404A00BFBA69 /* str.cpp */; };
		82FABAF52011CCE000568351 /* main.cpp in Sources */ = {isa = PBXBuildFile; fileRef = 82FABAF42011CCE000568351 /* main.cpp */; };
/* End PBXBuildFile section */

/* Begin PBXCopyFilesBuildPhase section */
		82FABAEF2011CCE000568351 /* CopyFiles */ = {
			isa = PBXCopyFilesBuildPhase;
			buildActionMask = 2147483647;
			dstPath = /usr/share/man/man1/;
			dstSubfolderSpec = 0;
			files = (
			);
			runOnlyForDeploymentPostprocessing = 1;
		};
/* End PBXCopyFilesBuildPhase section */

/* Begin PBXFileReference section */
		822BE6A42017404A00BFBA69 /* httpd.cpp */ = {isa = PBXFileReference; lastKnownFileType = sourcecode.cpp.cpp; path = httpd.cpp; sourceTree = "<group>"; };
		822BE6A52017404A00BFBA69 /* httpd.hpp */ = {isa = PBXFileReference; lastKnownFileType = sourcecode.cpp.h; path = httpd.hpp; sourceTree = "<group>"; };
		822BE6A62017404A00BFBA69 /* mysqld.cpp */ = {isa = PBXFileReference; lastKnownFileType = sourcecode.cpp.cpp; path = mysqld.cpp; sourceTree = "<group>"; };
		822BE6A72017404A00BFBA69 /* mysqld.hpp */ = {isa = PBXFileReference; lastKnownFileType = sourcecode.cpp.h; path = mysqld.hpp; sourceTree = "<group>"; };
		822BE6A92017404A00BFBA69 /* str.cpp */ = {isa = PBXFileReference; lastKnownFileType = sourcecode.cpp.cpp; path = str.cpp; sourceTree = "<group>"; };
		822BE6AA2017404A00BFBA69 /* str.hpp */ = {isa = PBXFileReference; lastKnownFileType = sourcecode.cpp.h; path = str.hpp; sourceTree = "<group>"; };
		82FABAF12011CCE000568351 /* test */ = {isa = PBXFileReference; explicitFileType = "compiled.mach-o.executable"; includeInIndex = 0; path = test; sourceTree = BUILT_PRODUCTS_DIR; };
		82FABAF42011CCE000568351 /* main.cpp */ = {isa = PBXFileReference; indentWidth = 4; lastKnownFileType = sourcecode.cpp.cpp; path = main.cpp; sourceTree = "<group>"; tabWidth = 4; };
/* End PBXFileReference section */

/* Begin PBXFrameworksBuildPhase section */
		82FABAEE2011CCE000568351 /* Frameworks */ = {
			isa = PBXFrameworksBuildPhase;
			buildActionMask = 2147483647;
			files = (
			);
			runOnlyForDeploymentPostprocessing = 0;
		};
/* End PBXFrameworksBuildPhase section */

/* Begin PBXGroup section */
		822BE6A32017404A00BFBA69 /* check */ = {
			isa = PBXGroup;
			children = (
				822BE6A42017404A00BFBA69 /* httpd.cpp */,
				822BE6A52017404A00BFBA69 /* httpd.hpp */,
				822BE6A62017404A00BFBA69 /* mysqld.cpp */,
				822BE6A72017404A00BFBA69 /* mysqld.hpp */,
			);
			path = check;
			sourceTree = "<group>";
		};
		822BE6A82017404A00BFBA69 /* utils */ = {
			isa = PBXGroup;
			children = (
				822BE6A92017404A00BFBA69 /* str.cpp */,
				822BE6AA2017404A00BFBA69 /* str.hpp */,
			);
			path = utils;
			sourceTree = "<group>";
		};
		82FABAE82011CCE000568351 = {
			isa = PBXGroup;
			children = (
				82FABAF32011CCE000568351 /* test */,
				82FABAF22011CCE000568351 /* Products */,
			);
			sourceTree = "<group>";
		};
		82FABAF22011CCE000568351 /* Products */ = {
			isa = PBXGroup;
			children = (
				82FABAF12011CCE000568351 /* test */,
			);
			name = Products;
			sourceTree = "<group>";
		};
		82FABAF32011CCE000568351 /* test */ = {
			isa = PBXGroup;
			children = (
				822BE6A32017404A00BFBA69 /* check */,
				822BE6A82017404A00BFBA69 /* utils */,
				82FABAF42011CCE000568351 /* main.cpp */,
			);
			path = test;
			sourceTree = "<group>";
		};
/* End PBXGroup section */

/* Begin PBXNativeTarget section */
		82FABAF02011CCE000568351 /* test */ = {
			isa = PBXNativeTarget;
			buildConfigurationList = 82FABAF82011CCE000568351 /* Build configuration list for PBXNativeTarget "test" */;
			buildPhases = (
				82FABAED2011CCE000568351 /* Sources */,
				82FABAEE2011CCE000568351 /* Frameworks */,
				82FABAEF2011CCE000568351 /* CopyFiles */,
			);
			buildRules = (
			);
			dependencies = (
			);
			name = test;
			productName = test;
			productReference = 82FABAF12011CCE000568351 /* test */;
			productType = "com.apple.product-type.tool";
		};
/* End PBXNativeTarget section */

/* Begin PBXProject section */
		82FABAE92011CCE000568351 /* Project object */ = {
			isa = PBXProject;
			attributes = {
				LastUpgradeCheck = 0900;
				ORGANIZATIONNAME = Libero_Imac;
				TargetAttributes = {
					82FABAF02011CCE000568351 = {
						CreatedOnToolsVersion = 9.0;
						ProvisioningStyle = Automatic;
					};
				};
			};
			buildConfigurationList = 82FABAEC2011CCE000568351 /* Build configuration list for PBXProject "test" */;
			compatibilityVersion = "Xcode 8.0";
			developmentRegion = en;
			hasScannedForEncodings = 0;
			knownRegions = (
				en,
			);
			mainGroup = 82FABAE82011CCE000568351;
			productRefGroup = 82FABAF22011CCE000568351 /* Products */;
			projectDirPath = "";
			projectRoot = "";
			targets = (
				82FABAF02011CCE000568351 /* test */,
			);
		};
/* End PBXProject section */

/* Begin PBXSourcesBuildPhase section */
		82FABAED2011CCE000568351 /* Sources */ = {
			isa = PBXSourcesBuildPhase;
			buildActionMask = 2147483647;
			files = (
				822BE6AB2017405C00BFBA69 /* httpd.cpp in Sources */,
				822BE6AD2017406300BFBA69 /* str.cpp in Sources */,
				82FABAF52011CCE000568351 /* main.cpp in Sources */,
				822BE6AC2017405F00BFBA69 /* mysqld.cpp in Sources */,
			);
			runOnlyForDeploymentPostprocessing = 0;
		};
/* End PBXSourcesBuildPhase section */

/* Begin XCBuildConfiguration section */
		82FABAF62011CCE000568351 /* Debug */ = {
			isa = XCBuildConfiguration;
			buildSettings = {
				ALWAYS_SEARCH_USER_PATHS = NO;
				CLANG_ANALYZER_NONNULL = YES;
				CLANG_ANALYZER_NUMBER_OBJECT_CONVERSION = YES_AGGRESSIVE;
				CLANG_CXX_LANGUAGE_STANDARD = "gnu++14";
				CLANG_CXX_LIBRARY = "libc++";
				CLANG_ENABLE_MODULES = YES;
				CLANG_ENABLE_OBJC_ARC = YES;
				CLANG_WARN_BLOCK_CAPTURE_AUTORELEASING = YES;
				CLANG_WARN_BOOL_CONVERSION = YES;
				CLANG_WARN_COMMA = YES;
				CLANG_WARN_CONSTANT_CONVERSION = YES;
				CLANG_WARN_DIRECT_OBJC_ISA_USAGE = YES_ERROR;
				CLANG_WARN_DOCUMENTATION_COMMENTS = YES;
				CLANG_WARN_EMPTY_BODY = YES;
				CLANG_WARN_ENUM_CONVERSION = YES;
				CLANG_WARN_INFINITE_RECURSION = YES;
				CLANG_WARN_INT_CONVERSION = YES;
				CLANG_WARN_NON_LITERAL_NULL_CONVERSION = YES;
				CLANG_WARN_OBJC_LITERAL_CONVERSION = YES;
				CLANG_WARN_OBJC_ROOT_CLASS = YES_ERROR;
				CLANG_WARN_RANGE_LOOP_ANALYSIS = YES;
				CLANG_WARN_STRICT_PROTOTYPES = YES;
				CLANG_WARN_SUSPICIOUS_MOVE = YES;
				CLANG_WARN_UNGUARDED_AVAILABILITY = YES_AGGRESSIVE;
				CLANG_WARN_UNREACHABLE_CODE = YES;
				CLANG_WARN__DUPLICATE_METHOD_MATCH = YES;
				CODE_SIGN_IDENTITY = "-";
				COPY_PHASE_STRIP = NO;
				DEBUG_INFORMATION_FORMAT = dwarf;
				ENABLE_STRICT_OBJC_MSGSEND = YES;
				ENABLE_TESTABILITY = YES;
				GCC_C_LANGUAGE_STANDARD = gnu11;
				GCC_DYNAMIC_NO_PIC = NO;
				GCC_NO_COMMON_BLOCKS = YES;
				GCC_OPTIMIZATION_LEVEL = 0;
				GCC_PREPROCESSOR_DEFINITIONS = (
					"DEBUG=1",
					"$(inherited)",
				);
				GCC_WARN_64_TO_32_BIT_CONVERSION = YES;
				GCC_WARN_ABOUT_RETURN_TYPE = YES_ERROR;
				GCC_WARN_UNDECLARED_SELECTOR = YES;
				GCC_WARN_UNINITIALIZED_AUTOS = YES_AGGRESSIVE;
				GCC_WARN_UNUSED_FUNCTION = YES;
				GCC_WARN_UNUSED_VARIABLE = YES;
				MACOSX_DEPLOYMENT_TARGET = 10.13;
				MTL_ENABLE_DEBUG_INFO = YES;
				ONLY_ACTIVE_ARCH = YES;
				SDKROOT = macosx;
			};
			name = Debug;
		};
		82FABAF72011CCE000568351 /* Release */ = {
			isa = XCBuildConfiguration;
			buildSettings = {
				ALWAYS_SEARCH_USER_PATHS = NO;
				CLANG_ANALYZER_NONNULL = YES;
				CLANG_ANALYZER_NUMBER_OBJECT_CONVERSION = YES_AGGRESSIVE;
				CLANG_CXX_LANGUAGE_STANDARD = "gnu++14";
				CLANG_CXX_LIBRARY = "libc++";
				CLANG_ENABLE_MODULES = YES;
				CLANG_ENABLE_OBJC_ARC = YES;
				CLANG_WARN_BLOCK_CAPTURE_AUTORELEASING = YES;
				CLANG_WARN_BOOL_CONVERSION = YES;
				CLANG_WARN_COMMA = YES;
				CLANG_WARN_CONSTANT_CONVERSION = YES;
				CLANG_WARN_DIRECT_OBJC_ISA_USAGE = YES_ERROR;
				CLANG_WARN_DOCUMENTATION_COMMENTS = YES;
				CLANG_WARN_EMPTY_BODY = YES;
				CLANG_WARN_ENUM_CONVERSION = YES;
				CLANG_WARN_INFINITE_RECURSION = YES;
				CLANG_WARN_INT_CONVERSION = YES;
				CLANG_WARN_NON_LITERAL_NULL_CONVERSION = YES;
				CLANG_WARN_OBJC_LITERAL_CONVERSION = YES;
				CLANG_WARN_OBJC_ROOT_CLASS = YES_ERROR;
				CLANG_WARN_RANGE_LOOP_ANALYSIS = YES;
				CLANG_WARN_STRICT_PROTOTYPES = YES;
				CLANG_WARN_SUSPICIOUS_MOVE = YES;
				CLANG_WARN_UNGUARDED_AVAILABILITY = YES_AGGRESSIVE;
				CLANG_WARN_UNREACHABLE_CODE = YES;
				CLANG_WARN__DUPLICATE_METHOD_MATCH = YES;
				CODE_SIGN_IDENTITY = "-";
				COPY_PHASE_STRIP = NO;
				DEBUG_INFORMATION_FORMAT = "dwarf-with-dsym";
				ENABLE_NS_ASSERTIONS = NO;
				ENABLE_STRICT_OBJC_MSGSEND = YES;
				GCC_C_LANGUAGE_STANDARD = gnu11;
				GCC_NO_COMMON_BLOCKS = YES;
				GCC_WARN_64_TO_32_BIT_CONVERSION = YES;
				GCC_WARN_ABOUT_RETURN_TYPE = YES_ERROR;
				GCC_WARN_UNDECLARED_SELECTOR = YES;
				GCC_WARN_UNINITIALIZED_AUTOS = YES_AGGRESSIVE;
				GCC_WARN_UNUSED_FUNCTION = YES;
				GCC_WARN_UNUSED_VARIABLE = YES;
				MACOSX_DEPLOYMENT_TARGET = 10.13;
				MTL_ENABLE_DEBUG_INFO = NO;
				SDKROOT = macosx;
			};
			name = Release;
		};
		82FABAF92011CCE000568351 /* Debug */ = {
			isa = XCBuildConfiguration;
			buildSettings = {
				CODE_SIGN_STYLE = Automatic;
				CONFIGURATION_BUILD_DIR = "~/user_projects/__Git/github/check_proc/build";
				HEADER_SEARCH_PATHS = /usr/local/include/mariadb;
				LIBRARY_SEARCH_PATHS = (
					/usr/local/lib/mariadb,
					/usr/local/lib,
				);
				OTHER_LDFLAGS = (
					"-lz",
					"-lm",
					"-lcurl",
					"-lmysqlclient",
				);
				PRODUCT_NAME = "$(TARGET_NAME)";
			};
			name = Debug;
		};
		82FABAFA2011CCE000568351 /* Release */ = {
			isa = XCBuildConfiguration;
			buildSettings = {
				CODE_SIGN_STYLE = Automatic;
				CONFIGURATION_BUILD_DIR = "~/user_projects/__Git/github/check_proc/build";
				HEADER_SEARCH_PATHS = /usr/local/include/mariadb;
				LIBRARY_SEARCH_PATHS = (
					/usr/local/lib/mariadb,
					/usr/local/lib,
				);
				ONLY_ACTIVE_ARCH = NO;
				OTHER_LDFLAGS = (
					"-lz",
					"-lm",
					"-lcurl",
					"-lmysqlclient",
				);
				PRODUCT_NAME = "$(TARGET_NAME)";
			};
			name = Release;
		};
/* End XCBuildConfiguration section */

/* Begin XCConfigurationList section */
		82FABAEC2011CCE000568351 /* Build configuration list for PBXProject "test" */ = {
			isa = XCConfigurationList;
			buildConfigurations = (
				82FABAF62011CCE000568351 /* Debug */,
				82FABAF72011CCE000568351 /* Release */,
			);
			defaultConfigurationIsVisible = 0;
			defaultConfigurationName = Release;
		};
		82FABAF82011CCE000568351 /* Build configuration list for PBXNativeTarget "test" */ = {
			isa = XCConfigurationList;
			buildConfigurations = (
				82FABAF92011CCE000568351 /* Debug */,
				82FABAFA2011CCE000568351 /* Release */,
			);
			defaultConfigurationIsVisible = 0;
			defaultConfigurationName = Release;
		};
/* End XCConfigurationList section */
	};
	rootObject = 82FABAE92011CCE000568351 /* Project object */;
}
